// !$*UTF8*$!
{
	archiveVersion = 1;
	classes = {
	};
	objectVersion = 56;
	objects = {

/* Begin PBXBuildFile section */
		D2C58FCA2C5A898500C3E5B7 /* YBSFlickrApp.swift in Sources */ = {isa = PBXBuildFile; fileRef = D2C58FC92C5A898500C3E5B7 /* YBSFlickrApp.swift */; };
		D2C58FCC2C5A898500C3E5B7 /* ContentView.swift in Sources */ = {isa = PBXBuildFile; fileRef = D2C58FCB2C5A898500C3E5B7 /* ContentView.swift */; };
		D2C58FCE2C5A898700C3E5B7 /* Assets.xcassets in Resources */ = {isa = PBXBuildFile; fileRef = D2C58FCD2C5A898700C3E5B7 /* Assets.xcassets */; };
		D2C58FD12C5A898700C3E5B7 /* Preview Assets.xcassets in Resources */ = {isa = PBXBuildFile; fileRef = D2C58FD02C5A898700C3E5B7 /* Preview Assets.xcassets */; };
		D2C58FDB2C5A898800C3E5B7 /* YBSFlickrTests.swift in Sources */ = {isa = PBXBuildFile; fileRef = D2C58FDA2C5A898800C3E5B7 /* YBSFlickrTests.swift */; };
		D2C58FE52C5A898800C3E5B7 /* YBSFlickrUITests.swift in Sources */ = {isa = PBXBuildFile; fileRef = D2C58FE42C5A898800C3E5B7 /* YBSFlickrUITests.swift */; };
		D2C58FE72C5A898800C3E5B7 /* YBSFlickrUITestsLaunchTests.swift in Sources */ = {isa = PBXBuildFile; fileRef = D2C58FE62C5A898800C3E5B7 /* YBSFlickrUITestsLaunchTests.swift */; };
		D2C58FF42C5A89F800C3E5B7 /* FlickrAPI.swift in Sources */ = {isa = PBXBuildFile; fileRef = D2C58FF32C5A89F800C3E5B7 /* FlickrAPI.swift */; };
		D2C58FF62C5A8A1800C3E5B7 /* FlickrJSONTemplates.swift in Sources */ = {isa = PBXBuildFile; fileRef = D2C58FF52C5A8A1800C3E5B7 /* FlickrJSONTemplates.swift */; };
		D2C58FF82C5A8A2500C3E5B7 /* Constants.swift in Sources */ = {isa = PBXBuildFile; fileRef = D2C58FF72C5A8A2500C3E5B7 /* Constants.swift */; };
		D2C58FFA2C5A8A2F00C3E5B7 /* Extensions.swift in Sources */ = {isa = PBXBuildFile; fileRef = D2C58FF92C5A8A2F00C3E5B7 /* Extensions.swift */; };
		D2C58FFC2C5A8A6F00C3E5B7 /* PhotoCell.swift in Sources */ = {isa = PBXBuildFile; fileRef = D2C58FFB2C5A8A6F00C3E5B7 /* PhotoCell.swift */; };
		D2C58FFE2C5A8AA500C3E5B7 /* PhotoScrollView.swift in Sources */ = {isa = PBXBuildFile; fileRef = D2C58FFD2C5A8AA500C3E5B7 /* PhotoScrollView.swift */; };
		D2C590002C5A8ABB00C3E5B7 /* PhotoSearchView.swift in Sources */ = {isa = PBXBuildFile; fileRef = D2C58FFF2C5A8ABB00C3E5B7 /* PhotoSearchView.swift */; };
		D2C590022C5A8AD100C3E5B7 /* TagCollectionView.swift in Sources */ = {isa = PBXBuildFile; fileRef = D2C590012C5A8AD100C3E5B7 /* TagCollectionView.swift */; };
		D2C590042C5A8AE200C3E5B7 /* PhotoDetailView.swift in Sources */ = {isa = PBXBuildFile; fileRef = D2C590032C5A8AE200C3E5B7 /* PhotoDetailView.swift */; };
		D2C590082C5A8F0D00C3E5B7 /* Objects.swift in Sources */ = {isa = PBXBuildFile; fileRef = D2C590072C5A8F0D00C3E5B7 /* Objects.swift */; };
		D2C5900B2C5AC21A00C3E5B7 /* ImageSaving.swift in Sources */ = {isa = PBXBuildFile; fileRef = D2C5900A2C5AC21A00C3E5B7 /* ImageSaving.swift */; };
/* End PBXBuildFile section */

/* Begin PBXContainerItemProxy section */
		D2C58FD72C5A898800C3E5B7 /* PBXContainerItemProxy */ = {
			isa = PBXContainerItemProxy;
			containerPortal = D2C58FBE2C5A898500C3E5B7 /* Project object */;
			proxyType = 1;
			remoteGlobalIDString = D2C58FC52C5A898500C3E5B7;
			remoteInfo = YBSFlickr;
		};
		D2C58FE12C5A898800C3E5B7 /* PBXContainerItemProxy */ = {
			isa = PBXContainerItemProxy;
			containerPortal = D2C58FBE2C5A898500C3E5B7 /* Project object */;
			proxyType = 1;
			remoteGlobalIDString = D2C58FC52C5A898500C3E5B7;
			remoteInfo = YBSFlickr;
		};
/* End PBXContainerItemProxy section */

/* Begin PBXFileReference section */
		D2C58FC62C5A898500C3E5B7 /* YBSFlickr.app */ = {isa = PBXFileReference; explicitFileType = wrapper.application; includeInIndex = 0; path = YBSFlickr.app; sourceTree = BUILT_PRODUCTS_DIR; };
		D2C58FC92C5A898500C3E5B7 /* YBSFlickrApp.swift */ = {isa = PBXFileReference; lastKnownFileType = sourcecode.swift; path = YBSFlickrApp.swift; sourceTree = "<group>"; };
		D2C58FCB2C5A898500C3E5B7 /* ContentView.swift */ = {isa = PBXFileReference; lastKnownFileType = sourcecode.swift; path = ContentView.swift; sourceTree = "<group>"; };
		D2C58FCD2C5A898700C3E5B7 /* Assets.xcassets */ = {isa = PBXFileReference; lastKnownFileType = folder.assetcatalog; path = Assets.xcassets; sourceTree = "<group>"; };
		D2C58FD02C5A898700C3E5B7 /* Preview Assets.xcassets */ = {isa = PBXFileReference; lastKnownFileType = folder.assetcatalog; path = "Preview Assets.xcassets"; sourceTree = "<group>"; };
		D2C58FD62C5A898800C3E5B7 /* YBSFlickrTests.xctest */ = {isa = PBXFileReference; explicitFileType = wrapper.cfbundle; includeInIndex = 0; path = YBSFlickrTests.xctest; sourceTree = BUILT_PRODUCTS_DIR; };
		D2C58FDA2C5A898800C3E5B7 /* YBSFlickrTests.swift */ = {isa = PBXFileReference; lastKnownFileType = sourcecode.swift; path = YBSFlickrTests.swift; sourceTree = "<group>"; };
		D2C58FE02C5A898800C3E5B7 /* YBSFlickrUITests.xctest */ = {isa = PBXFileReference; explicitFileType = wrapper.cfbundle; includeInIndex = 0; path = YBSFlickrUITests.xctest; sourceTree = BUILT_PRODUCTS_DIR; };
		D2C58FE42C5A898800C3E5B7 /* YBSFlickrUITests.swift */ = {isa = PBXFileReference; lastKnownFileType = sourcecode.swift; path = YBSFlickrUITests.swift; sourceTree = "<group>"; };
		D2C58FE62C5A898800C3E5B7 /* YBSFlickrUITestsLaunchTests.swift */ = {isa = PBXFileReference; lastKnownFileType = sourcecode.swift; path = YBSFlickrUITestsLaunchTests.swift; sourceTree = "<group>"; };
		D2C58FF32C5A89F800C3E5B7 /* FlickrAPI.swift */ = {isa = PBXFileReference; lastKnownFileType = sourcecode.swift; path = FlickrAPI.swift; sourceTree = "<group>"; };
		D2C58FF52C5A8A1800C3E5B7 /* FlickrJSONTemplates.swift */ = {isa = PBXFileReference; lastKnownFileType = sourcecode.swift; path = FlickrJSONTemplates.swift; sourceTree = "<group>"; };
		D2C58FF72C5A8A2500C3E5B7 /* Constants.swift */ = {isa = PBXFileReference; lastKnownFileType = sourcecode.swift; path = Constants.swift; sourceTree = "<group>"; };
		D2C58FF92C5A8A2F00C3E5B7 /* Extensions.swift */ = {isa = PBXFileReference; lastKnownFileType = sourcecode.swift; path = Extensions.swift; sourceTree = "<group>"; };
		D2C58FFB2C5A8A6F00C3E5B7 /* PhotoCell.swift */ = {isa = PBXFileReference; lastKnownFileType = sourcecode.swift; path = PhotoCell.swift; sourceTree = "<group>"; };
		D2C58FFD2C5A8AA500C3E5B7 /* PhotoScrollView.swift */ = {isa = PBXFileReference; lastKnownFileType = sourcecode.swift; path = PhotoScrollView.swift; sourceTree = "<group>"; };
		D2C58FFF2C5A8ABB00C3E5B7 /* PhotoSearchView.swift */ = {isa = PBXFileReference; lastKnownFileType = sourcecode.swift; path = PhotoSearchView.swift; sourceTree = "<group>"; };
		D2C590012C5A8AD100C3E5B7 /* TagCollectionView.swift */ = {isa = PBXFileReference; lastKnownFileType = sourcecode.swift; path = TagCollectionView.swift; sourceTree = "<group>"; };
		D2C590032C5A8AE200C3E5B7 /* PhotoDetailView.swift */ = {isa = PBXFileReference; lastKnownFileType = sourcecode.swift; path = PhotoDetailView.swift; sourceTree = "<group>"; };
		D2C590072C5A8F0D00C3E5B7 /* Objects.swift */ = {isa = PBXFileReference; lastKnownFileType = sourcecode.swift; path = Objects.swift; sourceTree = "<group>"; };
		D2C5900A2C5AC21A00C3E5B7 /* ImageSaving.swift */ = {isa = PBXFileReference; lastKnownFileType = sourcecode.swift; path = ImageSaving.swift; sourceTree = "<group>"; };
		D2C5900C2C5AC87900C3E5B7 /* Info.plist */ = {isa = PBXFileReference; lastKnownFileType = text.plist; path = Info.plist; sourceTree = "<group>"; };
		D2C5900F2C5AE91200C3E5B7 /* README.md */ = {isa = PBXFileReference; lastKnownFileType = net.daringfireball.markdown; path = README.md; sourceTree = "<group>"; };
/* End PBXFileReference section */

/* Begin PBXFrameworksBuildPhase section */
		D2C58FC32C5A898500C3E5B7 /* Frameworks */ = {
			isa = PBXFrameworksBuildPhase;
			buildActionMask = 2147483647;
			files = (
			);
			runOnlyForDeploymentPostprocessing = 0;
		};
		D2C58FD32C5A898800C3E5B7 /* Frameworks */ = {
			isa = PBXFrameworksBuildPhase;
			buildActionMask = 2147483647;
			files = (
			);
			runOnlyForDeploymentPostprocessing = 0;
		};
		D2C58FDD2C5A898800C3E5B7 /* Frameworks */ = {
			isa = PBXFrameworksBuildPhase;
			buildActionMask = 2147483647;
			files = (
			);
			runOnlyForDeploymentPostprocessing = 0;
		};
/* End PBXFrameworksBuildPhase section */

/* Begin PBXGroup section */
		D2C58FBD2C5A898500C3E5B7 = {
			isa = PBXGroup;
			children = (
				D2C58FC82C5A898500C3E5B7 /* YBSFlickr */,
				D2C58FD92C5A898800C3E5B7 /* YBSFlickrTests */,
				D2C58FE32C5A898800C3E5B7 /* YBSFlickrUITests */,
				D2C58FC72C5A898500C3E5B7 /* Products */,
			);
			sourceTree = "<group>";
		};
		D2C58FC72C5A898500C3E5B7 /* Products */ = {
			isa = PBXGroup;
			children = (
				D2C58FC62C5A898500C3E5B7 /* YBSFlickr.app */,
				D2C58FD62C5A898800C3E5B7 /* YBSFlickrTests.xctest */,
				D2C58FE02C5A898800C3E5B7 /* YBSFlickrUITests.xctest */,
			);
			name = Products;
			sourceTree = "<group>";
		};
		D2C58FC82C5A898500C3E5B7 /* YBSFlickr */ = {
			isa = PBXGroup;
			children = (
				D2C5900F2C5AE91200C3E5B7 /* README.md */,
				D2C5900C2C5AC87900C3E5B7 /* Info.plist */,
				D2C58FC92C5A898500C3E5B7 /* YBSFlickrApp.swift */,
				D2C58FCB2C5A898500C3E5B7 /* ContentView.swift */,
				D2C590092C5ABBAF00C3E5B7 /* View */,
				D2C58FF32C5A89F800C3E5B7 /* FlickrAPI.swift */,
				D2C58FF52C5A8A1800C3E5B7 /* FlickrJSONTemplates.swift */,
				D2C5900A2C5AC21A00C3E5B7 /* ImageSaving.swift */,
				D2C58FF92C5A8A2F00C3E5B7 /* Extensions.swift */,
				D2C58FF72C5A8A2500C3E5B7 /* Constants.swift */,
				D2C590072C5A8F0D00C3E5B7 /* Objects.swift */,
				D2C58FCD2C5A898700C3E5B7 /* Assets.xcassets */,
				D2C58FCF2C5A898700C3E5B7 /* Preview Content */,
			);
			path = YBSFlickr;
			sourceTree = "<group>";
		};
		D2C58FCF2C5A898700C3E5B7 /* Preview Content */ = {
			isa = PBXGroup;
			children = (
				D2C58FD02C5A898700C3E5B7 /* Preview Assets.xcassets */,
			);
			path = "Preview Content";
			sourceTree = "<group>";
		};
		D2C58FD92C5A898800C3E5B7 /* YBSFlickrTests */ = {
			isa = PBXGroup;
			children = (
				D2C58FDA2C5A898800C3E5B7 /* YBSFlickrTests.swift */,
			);
			path = YBSFlickrTests;
			sourceTree = "<group>";
		};
		D2C58FE32C5A898800C3E5B7 /* YBSFlickrUITests */ = {
			isa = PBXGroup;
			children = (
				D2C58FE42C5A898800C3E5B7 /* YBSFlickrUITests.swift */,
				D2C58FE62C5A898800C3E5B7 /* YBSFlickrUITestsLaunchTests.swift */,
			);
			path = YBSFlickrUITests;
			sourceTree = "<group>";
		};
		D2C590092C5ABBAF00C3E5B7 /* View */ = {
			isa = PBXGroup;
			children = (
				D2C58FFD2C5A8AA500C3E5B7 /* PhotoScrollView.swift */,
				D2C58FFF2C5A8ABB00C3E5B7 /* PhotoSearchView.swift */,
				D2C58FFB2C5A8A6F00C3E5B7 /* PhotoCell.swift */,
				D2C590012C5A8AD100C3E5B7 /* TagCollectionView.swift */,
				D2C590032C5A8AE200C3E5B7 /* PhotoDetailView.swift */,
			);
			path = View;
			sourceTree = "<group>";
		};
/* End PBXGroup section */

/* Begin PBXNativeTarget section */
		D2C58FC52C5A898500C3E5B7 /* YBSFlickr */ = {
			isa = PBXNativeTarget;
			buildConfigurationList = D2C58FEA2C5A898800C3E5B7 /* Build configuration list for PBXNativeTarget "YBSFlickr" */;
			buildPhases = (
				D2C58FC22C5A898500C3E5B7 /* Sources */,
				D2C58FC32C5A898500C3E5B7 /* Frameworks */,
				D2C58FC42C5A898500C3E5B7 /* Resources */,
			);
			buildRules = (
			);
			dependencies = (
			);
			name = YBSFlickr;
			productName = YBSFlickr;
			productReference = D2C58FC62C5A898500C3E5B7 /* YBSFlickr.app */;
			productType = "com.apple.product-type.application";
		};
		D2C58FD52C5A898800C3E5B7 /* YBSFlickrTests */ = {
			isa = PBXNativeTarget;
			buildConfigurationList = D2C58FED2C5A898800C3E5B7 /* Build configuration list for PBXNativeTarget "YBSFlickrTests" */;
			buildPhases = (
				D2C58FD22C5A898800C3E5B7 /* Sources */,
				D2C58FD32C5A898800C3E5B7 /* Frameworks */,
				D2C58FD42C5A898800C3E5B7 /* Resources */,
			);
			buildRules = (
			);
			dependencies = (
				D2C58FD82C5A898800C3E5B7 /* PBXTargetDependency */,
			);
			name = YBSFlickrTests;
			productName = YBSFlickrTests;
			productReference = D2C58FD62C5A898800C3E5B7 /* YBSFlickrTests.xctest */;
			productType = "com.apple.product-type.bundle.unit-test";
		};
		D2C58FDF2C5A898800C3E5B7 /* YBSFlickrUITests */ = {
			isa = PBXNativeTarget;
			buildConfigurationList = D2C58FF02C5A898800C3E5B7 /* Build configuration list for PBXNativeTarget "YBSFlickrUITests" */;
			buildPhases = (
				D2C58FDC2C5A898800C3E5B7 /* Sources */,
				D2C58FDD2C5A898800C3E5B7 /* Frameworks */,
				D2C58FDE2C5A898800C3E5B7 /* Resources */,
			);
			buildRules = (
			);
			dependencies = (
				D2C58FE22C5A898800C3E5B7 /* PBXTargetDependency */,
			);
			name = YBSFlickrUITests;
			productName = YBSFlickrUITests;
			productReference = D2C58FE02C5A898800C3E5B7 /* YBSFlickrUITests.xctest */;
			productType = "com.apple.product-type.bundle.ui-testing";
		};
/* End PBXNativeTarget section */

/* Begin PBXProject section */
		D2C58FBE2C5A898500C3E5B7 /* Project object */ = {
			isa = PBXProject;
			attributes = {
				BuildIndependentTargetsInParallel = 1;
				LastSwiftUpdateCheck = 1520;
				LastUpgradeCheck = 1520;
				TargetAttributes = {
					D2C58FC52C5A898500C3E5B7 = {
						CreatedOnToolsVersion = 15.2;
					};
					D2C58FD52C5A898800C3E5B7 = {
						CreatedOnToolsVersion = 15.2;
						TestTargetID = D2C58FC52C5A898500C3E5B7;
					};
					D2C58FDF2C5A898800C3E5B7 = {
						CreatedOnToolsVersion = 15.2;
						TestTargetID = D2C58FC52C5A898500C3E5B7;
					};
				};
			};
			buildConfigurationList = D2C58FC12C5A898500C3E5B7 /* Build configuration list for PBXProject "YBSFlickr" */;
			compatibilityVersion = "Xcode 14.0";
			developmentRegion = en;
			hasScannedForEncodings = 0;
			knownRegions = (
				en,
				Base,
			);
			mainGroup = D2C58FBD2C5A898500C3E5B7;
			productRefGroup = D2C58FC72C5A898500C3E5B7 /* Products */;
			projectDirPath = "";
			projectRoot = "";
			targets = (
				D2C58FC52C5A898500C3E5B7 /* YBSFlickr */,
				D2C58FD52C5A898800C3E5B7 /* YBSFlickrTests */,
				D2C58FDF2C5A898800C3E5B7 /* YBSFlickrUITests */,
			);
		};
/* End PBXProject section */

/* Begin PBXResourcesBuildPhase section */
		D2C58FC42C5A898500C3E5B7 /* Resources */ = {
			isa = PBXResourcesBuildPhase;
			buildActionMask = 2147483647;
			files = (
				D2C58FD12C5A898700C3E5B7 /* Preview Assets.xcassets in Resources */,
				D2C58FCE2C5A898700C3E5B7 /* Assets.xcassets in Resources */,
			);
			runOnlyForDeploymentPostprocessing = 0;
		};
		D2C58FD42C5A898800C3E5B7 /* Resources */ = {
			isa = PBXResourcesBuildPhase;
			buildActionMask = 2147483647;
			files = (
			);
			runOnlyForDeploymentPostprocessing = 0;
		};
		D2C58FDE2C5A898800C3E5B7 /* Resources */ = {
			isa = PBXResourcesBuildPhase;
			buildActionMask = 2147483647;
			files = (
			);
			runOnlyForDeploymentPostprocessing = 0;
		};
/* End PBXResourcesBuildPhase section */

/* Begin PBXSourcesBuildPhase section */
		D2C58FC22C5A898500C3E5B7 /* Sources */ = {
			isa = PBXSourcesBuildPhase;
			buildActionMask = 2147483647;
			files = (
				D2C58FFC2C5A8A6F00C3E5B7 /* PhotoCell.swift in Sources */,
				D2C58FF82C5A8A2500C3E5B7 /* Constants.swift in Sources */,
				D2C58FFA2C5A8A2F00C3E5B7 /* Extensions.swift in Sources */,
				D2C5900B2C5AC21A00C3E5B7 /* ImageSaving.swift in Sources */,
				D2C58FF62C5A8A1800C3E5B7 /* FlickrJSONTemplates.swift in Sources */,
				D2C58FFE2C5A8AA500C3E5B7 /* PhotoScrollView.swift in Sources */,
				D2C58FF42C5A89F800C3E5B7 /* FlickrAPI.swift in Sources */,
				D2C590002C5A8ABB00C3E5B7 /* PhotoSearchView.swift in Sources */,
				D2C590022C5A8AD100C3E5B7 /* TagCollectionView.swift in Sources */,
				D2C590042C5A8AE200C3E5B7 /* PhotoDetailView.swift in Sources */,
				D2C58FCC2C5A898500C3E5B7 /* ContentView.swift in Sources */,
				D2C590082C5A8F0D00C3E5B7 /* Objects.swift in Sources */,
				D2C58FCA2C5A898500C3E5B7 /* YBSFlickrApp.swift in Sources */,
			);
			runOnlyForDeploymentPostprocessing = 0;
		};
		D2C58FD22C5A898800C3E5B7 /* Sources */ = {
			isa = PBXSourcesBuildPhase;
			buildActionMask = 2147483647;
			files = (
				D2C58FDB2C5A898800C3E5B7 /* YBSFlickrTests.swift in Sources */,
			);
			runOnlyForDeploymentPostprocessing = 0;
		};
		D2C58FDC2C5A898800C3E5B7 /* Sources */ = {
			isa = PBXSourcesBuildPhase;
			buildActionMask = 2147483647;
			files = (
				D2C58FE72C5A898800C3E5B7 /* YBSFlickrUITestsLaunchTests.swift in Sources */,
				D2C58FE52C5A898800C3E5B7 /* YBSFlickrUITests.swift in Sources */,
			);
			runOnlyForDeploymentPostprocessing = 0;
		};
/* End PBXSourcesBuildPhase section */

/* Begin PBXTargetDependency section */
		D2C58FD82C5A898800C3E5B7 /* PBXTargetDependency */ = {
			isa = PBXTargetDependency;
			target = D2C58FC52C5A898500C3E5B7 /* YBSFlickr */;
			targetProxy = D2C58FD72C5A898800C3E5B7 /* PBXContainerItemProxy */;
		};
		D2C58FE22C5A898800C3E5B7 /* PBXTargetDependency */ = {
			isa = PBXTargetDependency;
			target = D2C58FC52C5A898500C3E5B7 /* YBSFlickr */;
			targetProxy = D2C58FE12C5A898800C3E5B7 /* PBXContainerItemProxy */;
		};
/* End PBXTargetDependency section */

/* Begin XCBuildConfiguration section */
		D2C58FE82C5A898800C3E5B7 /* Debug */ = {
			isa = XCBuildConfiguration;
			buildSettings = {
				ALWAYS_SEARCH_USER_PATHS = NO;
				ASSETCATALOG_COMPILER_GENERATE_SWIFT_ASSET_SYMBOL_EXTENSIONS = YES;
				CLANG_ANALYZER_NONNULL = YES;
				CLANG_ANALYZER_NUMBER_OBJECT_CONVERSION = YES_AGGRESSIVE;
				CLANG_CXX_LANGUAGE_STANDARD = "gnu++20";
				CLANG_ENABLE_MODULES = YES;
				CLANG_ENABLE_OBJC_ARC = YES;
				CLANG_ENABLE_OBJC_WEAK = YES;
				CLANG_WARN_BLOCK_CAPTURE_AUTORELEASING = YES;
				CLANG_WARN_BOOL_CONVERSION = YES;
				CLANG_WARN_COMMA = YES;
				CLANG_WARN_CONSTANT_CONVERSION = YES;
				CLANG_WARN_DEPRECATED_OBJC_IMPLEMENTATIONS = YES;
				CLANG_WARN_DIRECT_OBJC_ISA_USAGE = YES_ERROR;
				CLANG_WARN_DOCUMENTATION_COMMENTS = YES;
				CLANG_WARN_EMPTY_BODY = YES;
				CLANG_WARN_ENUM_CONVERSION = YES;
				CLANG_WARN_INFINITE_RECURSION = YES;
				CLANG_WARN_INT_CONVERSION = YES;
				CLANG_WARN_NON_LITERAL_NULL_CONVERSION = YES;
				CLANG_WARN_OBJC_IMPLICIT_RETAIN_SELF = YES;
				CLANG_WARN_OBJC_LITERAL_CONVERSION = YES;
				CLANG_WARN_OBJC_ROOT_CLASS = YES_ERROR;
				CLANG_WARN_QUOTED_INCLUDE_IN_FRAMEWORK_HEADER = YES;
				CLANG_WARN_RANGE_LOOP_ANALYSIS = YES;
				CLANG_WARN_STRICT_PROTOTYPES = YES;
				CLANG_WARN_SUSPICIOUS_MOVE = YES;
				CLANG_WARN_UNGUARDED_AVAILABILITY = YES_AGGRESSIVE;
				CLANG_WARN_UNREACHABLE_CODE = YES;
				CLANG_WARN__DUPLICATE_METHOD_MATCH = YES;
				COPY_PHASE_STRIP = NO;
				DEBUG_INFORMATION_FORMAT = dwarf;
				ENABLE_STRICT_OBJC_MSGSEND = YES;
				ENABLE_TESTABILITY = YES;
				ENABLE_USER_SCRIPT_SANDBOXING = YES;
				GCC_C_LANGUAGE_STANDARD = gnu17;
				GCC_DYNAMIC_NO_PIC = NO;
				GCC_NO_COMMON_BLOCKS = YES;
				GCC_OPTIMIZATION_LEVEL = 0;
				GCC_PREPROCESSOR_DEFINITIONS = (
					"DEBUG=1",
					"$(inherited)",
				);
				GCC_WARN_64_TO_32_BIT_CONVERSION = YES;
				GCC_WARN_ABOUT_RETURN_TYPE = YES_ERROR;
				GCC_WARN_UNDECLARED_SELECTOR = YES;
				GCC_WARN_UNINITIALIZED_AUTOS = YES_AGGRESSIVE;
				GCC_WARN_UNUSED_FUNCTION = YES;
				GCC_WARN_UNUSED_VARIABLE = YES;
				IPHONEOS_DEPLOYMENT_TARGET = 17.2;
				LOCALIZATION_PREFERS_STRING_CATALOGS = YES;
				MTL_ENABLE_DEBUG_INFO = INCLUDE_SOURCE;
				MTL_FAST_MATH = YES;
				ONLY_ACTIVE_ARCH = YES;
				SDKROOT = iphoneos;
				SWIFT_ACTIVE_COMPILATION_CONDITIONS = "DEBUG $(inherited)";
				SWIFT_OPTIMIZATION_LEVEL = "-Onone";
			};
			name = Debug;
		};
		D2C58FE92C5A898800C3E5B7 /* Release */ = {
			isa = XCBuildConfiguration;
			buildSettings = {
				ALWAYS_SEARCH_USER_PATHS = NO;
				ASSETCATALOG_COMPILER_GENERATE_SWIFT_ASSET_SYMBOL_EXTENSIONS = YES;
				CLANG_ANALYZER_NONNULL = YES;
				CLANG_ANALYZER_NUMBER_OBJECT_CONVERSION = YES_AGGRESSIVE;
				CLANG_CXX_LANGUAGE_STANDARD = "gnu++20";
				CLANG_ENABLE_MODULES = YES;
				CLANG_ENABLE_OBJC_ARC = YES;
				CLANG_ENABLE_OBJC_WEAK = YES;
				CLANG_WARN_BLOCK_CAPTURE_AUTORELEASING = YES;
				CLANG_WARN_BOOL_CONVERSION = YES;
				CLANG_WARN_COMMA = YES;
				CLANG_WARN_CONSTANT_CONVERSION = YES;
				CLANG_WARN_DEPRECATED_OBJC_IMPLEMENTATIONS = YES;
				CLANG_WARN_DIRECT_OBJC_ISA_USAGE = YES_ERROR;
				CLANG_WARN_DOCUMENTATION_COMMENTS = YES;
				CLANG_WARN_EMPTY_BODY = YES;
				CLANG_WARN_ENUM_CONVERSION = YES;
				CLANG_WARN_INFINITE_RECURSION = YES;
				CLANG_WARN_INT_CONVERSION = YES;
				CLANG_WARN_NON_LITERAL_NULL_CONVERSION = YES;
				CLANG_WARN_OBJC_IMPLICIT_RETAIN_SELF = YES;
				CLANG_WARN_OBJC_LITERAL_CONVERSION = YES;
				CLANG_WARN_OBJC_ROOT_CLASS = YES_ERROR;
				CLANG_WARN_QUOTED_INCLUDE_IN_FRAMEWORK_HEADER = YES;
				CLANG_WARN_RANGE_LOOP_ANALYSIS = YES;
				CLANG_WARN_STRICT_PROTOTYPES = YES;
				CLANG_WARN_SUSPICIOUS_MOVE = YES;
				CLANG_WARN_UNGUARDED_AVAILABILITY = YES_AGGRESSIVE;
				CLANG_WARN_UNREACHABLE_CODE = YES;
				CLANG_WARN__DUPLICATE_METHOD_MATCH = YES;
				COPY_PHASE_STRIP = NO;
				DEBUG_INFORMATION_FORMAT = "dwarf-with-dsym";
				ENABLE_NS_ASSERTIONS = NO;
				ENABLE_STRICT_OBJC_MSGSEND = YES;
				ENABLE_USER_SCRIPT_SANDBOXING = YES;
				GCC_C_LANGUAGE_STANDARD = gnu17;
				GCC_NO_COMMON_BLOCKS = YES;
				GCC_WARN_64_TO_32_BIT_CONVERSION = YES;
				GCC_WARN_ABOUT_RETURN_TYPE = YES_ERROR;
				GCC_WARN_UNDECLARED_SELECTOR = YES;
				GCC_WARN_UNINITIALIZED_AUTOS = YES_AGGRESSIVE;
				GCC_WARN_UNUSED_FUNCTION = YES;
				GCC_WARN_UNUSED_VARIABLE = YES;
				IPHONEOS_DEPLOYMENT_TARGET = 17.2;
				LOCALIZATION_PREFERS_STRING_CATALOGS = YES;
				MTL_ENABLE_DEBUG_INFO = NO;
				MTL_FAST_MATH = YES;
				SDKROOT = iphoneos;
				SWIFT_COMPILATION_MODE = wholemodule;
				VALIDATE_PRODUCT = YES;
			};
			name = Release;
		};
		D2C58FEB2C5A898800C3E5B7 /* Debug */ = {
			isa = XCBuildConfiguration;
			buildSettings = {
				ASSETCATALOG_COMPILER_APPICON_NAME = AppIcon;
				ASSETCATALOG_COMPILER_GLOBAL_ACCENT_COLOR_NAME = AccentColor;
				CODE_SIGN_STYLE = Automatic;
				CURRENT_PROJECT_VERSION = 1;
				DEVELOPMENT_ASSET_PATHS = "\"YBSFlickr/Preview Content\"";
				ENABLE_PREVIEWS = YES;
				GENERATE_INFOPLIST_FILE = YES;
				INFOPLIST_FILE = YBSFlickr/Info.plist;
				INFOPLIST_KEY_NSPhotoLibraryUsageDescription = "We only save images to your Photos app folder for you to view later.";
				INFOPLIST_KEY_UIApplicationSceneManifest_Generation = YES;
				INFOPLIST_KEY_UIApplicationSupportsIndirectInputEvents = YES;
				INFOPLIST_KEY_UISupportedInterfaceOrientations_iPad = "UIInterfaceOrientationPortrait UIInterfaceOrientationPortraitUpsideDown UIInterfaceOrientationLandscapeLeft UIInterfaceOrientationLandscapeRight";
				INFOPLIST_KEY_UISupportedInterfaceOrientations_iPhone = "UIInterfaceOrientationPortrait UIInterfaceOrientationLandscapeLeft UIInterfaceOrientationLandscapeRight";
				LD_RUNPATH_SEARCH_PATHS = (
					"$(inherited)",
					"@executable_path/Frameworks",
				);
				MARKETING_VERSION = 1.0;
				PRODUCT_BUNDLE_IDENTIFIER = ScottBrowne.YBSFlickr;
				PRODUCT_NAME = "$(TARGET_NAME)";
				SWIFT_EMIT_LOC_STRINGS = YES;
				SWIFT_VERSION = 5.0;
				TARGETED_DEVICE_FAMILY = "1,2";
			};
			name = Debug;
		};
		D2C58FEC2C5A898800C3E5B7 /* Release */ = {
			isa = XCBuildConfiguration;
			buildSettings = {
				ASSETCATALOG_COMPILER_APPICON_NAME = AppIcon;
				ASSETCATALOG_COMPILER_GLOBAL_ACCENT_COLOR_NAME = AccentColor;
				CODE_SIGN_STYLE = Automatic;
				CURRENT_PROJECT_VERSION = 1;
				DEVELOPMENT_ASSET_PATHS = "\"YBSFlickr/Preview Content\"";
				ENABLE_PREVIEWS = YES;
				GENERATE_INFOPLIST_FILE = YES;
				INFOPLIST_FILE = YBSFlickr/Info.plist;
				INFOPLIST_KEY_NSPhotoLibraryUsageDescription = "We only save images to your Photos app folder for you to view later.";
				INFOPLIST_KEY_UIApplicationSceneManifest_Generation = YES;
				INFOPLIST_KEY_UIApplicationSupportsIndirectInputEvents = YES;
				INFOPLIST_KEY_UISupportedInterfaceOrientations_iPad = "UIInterfaceOrientationPortrait UIInterfaceOrientationPortraitUpsideDown UIInterfaceOrientationLandscapeLeft UIInterfaceOrientationLandscapeRight";
				INFOPLIST_KEY_UISupportedInterfaceOrientations_iPhone = "UIInterfaceOrientationPortrait UIInterfaceOrientationLandscapeLeft UIInterfaceOrientationLandscapeRight";
				LD_RUNPATH_SEARCH_PATHS = (
					"$(inherited)",
					"@executable_path/Frameworks",
				);
				MARKETING_VERSION = 1.0;
				PRODUCT_BUNDLE_IDENTIFIER = ScottBrowne.YBSFlickr;
				PRODUCT_NAME = "$(TARGET_NAME)";
				SWIFT_EMIT_LOC_STRINGS = YES;
				SWIFT_VERSION = 5.0;
				TARGETED_DEVICE_FAMILY = "1,2";
			};
			name = Release;
		};
		D2C58FEE2C5A898800C3E5B7 /* Debug */ = {
			isa = XCBuildConfiguration;
			buildSettings = {
				ALWAYS_EMBED_SWIFT_STANDARD_LIBRARIES = YES;
				BUNDLE_LOADER = "$(TEST_HOST)";
				CODE_SIGN_STYLE = Automatic;
				CURRENT_PROJECT_VERSION = 1;
				GENERATE_INFOPLIST_FILE = YES;
				IPHONEOS_DEPLOYMENT_TARGET = 17.2;
				MARKETING_VERSION = 1.0;
				PRODUCT_BUNDLE_IDENTIFIER = ScottBrowne.YBSFlickrTests;
				PRODUCT_NAME = "$(TARGET_NAME)";
				SWIFT_EMIT_LOC_STRINGS = NO;
				SWIFT_VERSION = 5.0;
				TARGETED_DEVICE_FAMILY = "1,2";
				TEST_HOST = "$(BUILT_PRODUCTS_DIR)/YBSFlickr.app/$(BUNDLE_EXECUTABLE_FOLDER_PATH)/YBSFlickr";
			};
			name = Debug;
		};
		D2C58FEF2C5A898800C3E5B7 /* Release */ = {
			isa = XCBuildConfiguration;
			buildSettings = {
				ALWAYS_EMBED_SWIFT_STANDARD_LIBRARIES = YES;
				BUNDLE_LOADER = "$(TEST_HOST)";
				CODE_SIGN_STYLE = Automatic;
				CURRENT_PROJECT_VERSION = 1;
				GENERATE_INFOPLIST_FILE = YES;
				IPHONEOS_DEPLOYMENT_TARGET = 17.2;
				MARKETING_VERSION = 1.0;
				PRODUCT_BUNDLE_IDENTIFIER = ScottBrowne.YBSFlickrTests;
				PRODUCT_NAME = "$(TARGET_NAME)";
				SWIFT_EMIT_LOC_STRINGS = NO;
				SWIFT_VERSION = 5.0;
				TARGETED_DEVICE_FAMILY = "1,2";
				TEST_HOST = "$(BUILT_PRODUCTS_DIR)/YBSFlickr.app/$(BUNDLE_EXECUTABLE_FOLDER_PATH)/YBSFlickr";
			};
			name = Release;
		};
		D2C58FF12C5A898800C3E5B7 /* Debug */ = {
			isa = XCBuildConfiguration;
			buildSettings = {
				ALWAYS_EMBED_SWIFT_STANDARD_LIBRARIES = YES;
				CODE_SIGN_STYLE = Automatic;
				CURRENT_PROJECT_VERSION = 1;
				GENERATE_INFOPLIST_FILE = YES;
				MARKETING_VERSION = 1.0;
				PRODUCT_BUNDLE_IDENTIFIER = ScottBrowne.YBSFlickrUITests;
				PRODUCT_NAME = "$(TARGET_NAME)";
				SWIFT_EMIT_LOC_STRINGS = NO;
				SWIFT_VERSION = 5.0;
				TARGETED_DEVICE_FAMILY = "1,2";
				TEST_TARGET_NAME = YBSFlickr;
			};
			name = Debug;
		};
		D2C58FF22C5A898800C3E5B7 /* Release */ = {
			isa = XCBuildConfiguration;
			buildSettings = {
				ALWAYS_EMBED_SWIFT_STANDARD_LIBRARIES = YES;
				CODE_SIGN_STYLE = Automatic;
				CURRENT_PROJECT_VERSION = 1;
				GENERATE_INFOPLIST_FILE = YES;
				MARKETING_VERSION = 1.0;
				PRODUCT_BUNDLE_IDENTIFIER = ScottBrowne.YBSFlickrUITests;
				PRODUCT_NAME = "$(TARGET_NAME)";
				SWIFT_EMIT_LOC_STRINGS = NO;
				SWIFT_VERSION = 5.0;
				TARGETED_DEVICE_FAMILY = "1,2";
				TEST_TARGET_NAME = YBSFlickr;
			};
			name = Release;
		};
/* End XCBuildConfiguration section */

/* Begin XCConfigurationList section */
		D2C58FC12C5A898500C3E5B7 /* Build configuration list for PBXProject "YBSFlickr" */ = {
			isa = XCConfigurationList;
			buildConfigurations = (
				D2C58FE82C5A898800C3E5B7 /* Debug */,
				D2C58FE92C5A898800C3E5B7 /* Release */,
			);
			defaultConfigurationIsVisible = 0;
			defaultConfigurationName = Release;
		};
		D2C58FEA2C5A898800C3E5B7 /* Build configuration list for PBXNativeTarget "YBSFlickr" */ = {
			isa = XCConfigurationList;
			buildConfigurations = (
				D2C58FEB2C5A898800C3E5B7 /* Debug */,
				D2C58FEC2C5A898800C3E5B7 /* Release */,
			);
			defaultConfigurationIsVisible = 0;
			defaultConfigurationName = Release;
		};
		D2C58FED2C5A898800C3E5B7 /* Build configuration list for PBXNativeTarget "YBSFlickrTests" */ = {
			isa = XCConfigurationList;
			buildConfigurations = (
				D2C58FEE2C5A898800C3E5B7 /* Debug */,
				D2C58FEF2C5A898800C3E5B7 /* Release */,
			);
			defaultConfigurationIsVisible = 0;
			defaultConfigurationName = Release;
		};
		D2C58FF02C5A898800C3E5B7 /* Build configuration list for PBXNativeTarget "YBSFlickrUITests" */ = {
			isa = XCConfigurationList;
			buildConfigurations = (
				D2C58FF12C5A898800C3E5B7 /* Debug */,
				D2C58FF22C5A898800C3E5B7 /* Release */,
			);
			defaultConfigurationIsVisible = 0;
			defaultConfigurationName = Release;
		};
/* End XCConfigurationList section */
	};
	rootObject = D2C58FBE2C5A898500C3E5B7 /* Project object */;
}
